
Microsoft Visual Studio Solution File, Format Version 12.00
# Visual Studio Version 17
VisualStudioVersion = 17.3.32804.467
MinimumVisualStudioVersion = 10.0.40219.1
Project("{FAE04EC0-301F-11D3-BF4B-00C04F79EFBC}") = "ContosoCrafts.Website", "ContosoCrafts.Website\ContosoCrafts.Website.csproj", "{D83BCDEC-039F-40DE-B409-C50C2CE0E216}"
EndProject
Global
	GlobalSection(SolutionConfigurationPlatforms) = preSolution
		Debug|Any CPU = Debug|Any CPU
		Release|Any CPU = Release|Any CPU
	EndGlobalSection
	GlobalSection(ProjectConfigurationPlatforms) = postSolution
		{D83BCDEC-039F-40DE-B409-C50C2CE0E216}.Debug|Any CPU.ActiveCfg = Debug|Any CPU
		{D83BCDEC-039F-40DE-B409-C50C2CE0E216}.Debug|Any CPU.Build.0 = Debug|Any CPU
		{D83BCDEC-039F-40DE-B409-C50C2CE0E216}.Release|Any CPU.ActiveCfg = Release|Any CPU
		{D83BCDEC-039F-40DE-B409-C50C2CE0E216}.Release|Any CPU.Build.0 = Release|Any CPU
	EndGlobalSection
	GlobalSection(SolutionProperties) = preSolution
		HideSolutionNode = FALSE
	EndGlobalSection
	GlobalSection(ExtensibilityGlobals) = postSolution
		SolutionGuid = {DFA4BEBC-A28A-4053-B69D-646ED443E78B}
	EndGlobalSection
EndGlobal
